
Microsoft Visual Studio Solution File, Format Version 12.00
# Visual Studio Version 16
VisualStudioVersion = 16.0.30804.86
MinimumVisualStudioVersion = 10.0.40219.1
Project("{FAE04EC0-301F-11D3-BF4B-00C04F79EFBC}") = "EageEye", "EageEye\EageEye.csproj", "{F3ADC8D4-70D6-48CC-B2E6-908DF839FBBD}"
EndProject
Global
	GlobalSection(SolutionConfigurationPlatforms) = preSolution
		Debug|Any CPU = Debug|Any CPU
		Release|Any CPU = Release|Any CPU
	EndGlobalSection
	GlobalSection(ProjectConfigurationPlatforms) = postSolution
		{F3ADC8D4-70D6-48CC-B2E6-908DF839FBBD}.Debug|Any CPU.ActiveCfg = Debug|Any CPU
		{F3ADC8D4-70D6-48CC-B2E6-908DF839FBBD}.Debug|Any CPU.Build.0 = Debug|Any CPU
		{F3ADC8D4-70D6-48CC-B2E6-908DF839FBBD}.Release|Any CPU.ActiveCfg = Release|Any CPU
		{F3ADC8D4-70D6-48CC-B2E6-908DF839FBBD}.Release|Any CPU.Build.0 = Release|Any CPU
	EndGlobalSection
	GlobalSection(SolutionProperties) = preSolution
		HideSolutionNode = FALSE
	EndGlobalSection
	GlobalSection(ExtensibilityGlobals) = postSolution
		SolutionGuid = {68BF9286-F9E4-41D1-BAD4-6DC3CF5F0256}
	EndGlobalSection
EndGlobal
